
Microsoft Visual Studio Solution File, Format Version 12.00
# Visual Studio Version 17
VisualStudioVersion = 17.2.32616.157
MinimumVisualStudioVersion = 10.0.40219.1
Project("{FAE04EC0-301F-11D3-BF4B-00C04F79EFBC}") = "ConsoleDemo", "ConsoleDemo\ConsoleDemo.csproj", "{AB709E1B-B783-4E07-96B2-6F2D159698CE}"
EndProject
Global
	GlobalSection(SolutionConfigurationPlatforms) = preSolution
		Debug|Any CPU = Debug|Any CPU
		Release|Any CPU = Release|Any CPU
	EndGlobalSection
	GlobalSection(ProjectConfigurationPlatforms) = postSolution
		{AB709E1B-B783-4E07-96B2-6F2D159698CE}.Debug|Any CPU.ActiveCfg = Debug|Any CPU
		{AB709E1B-B783-4E07-96B2-6F2D159698CE}.Debug|Any CPU.Build.0 = Debug|Any CPU
		{AB709E1B-B783-4E07-96B2-6F2D159698CE}.Release|Any CPU.ActiveCfg = Release|Any CPU
		{AB709E1B-B783-4E07-96B2-6F2D159698CE}.Release|Any CPU.Build.0 = Release|Any CPU
	EndGlobalSection
	GlobalSection(SolutionProperties) = preSolution
		HideSolutionNode = FALSE
	EndGlobalSection
	GlobalSection(ExtensibilityGlobals) = postSolution
		SolutionGuid = {00C99EDF-F711-4D46-B1CD-CFBABBDADCE9}
	EndGlobalSection
EndGlobal
